{
    "_readme": [
        "This file locks the dependencies of your project to a known state",
        "Read more about it at https://getcomposer.org/doc/01-basic-usage.md#installing-dependencies",
        "This file is @generated automatically"
    ],
    "content-hash": "a0f3da11347c80b655e8670e741080a9",
    "packages": [
        {
            "name": "mindplay/annotations",
            "version": "1.3.2",
            "source": {
                "type": "git",
                "url": "https://github.com/php-annotations/php-annotations.git",
                "reference": "7e1547259a6aa7e3abc3832207499943614e9d13"
            },
            "dist": {
                "type": "zip",
                "url": "https://api.github.com/repos/php-annotations/php-annotations/zipball/7e1547259a6aa7e3abc3832207499943614e9d13",
                "reference": "7e1547259a6aa7e3abc3832207499943614e9d13",
                "shasum": ""
            },
            "require": {
                "php": ">=5.3.3"
            },
            "require-dev": {
                "phpunit/php-code-coverage": "~1.2.1",
                "phpunit/php-file-iterator": ">=1.3.0@stable"
            },
            "type": "library",
            "extra": {
                "branch-alias": {
                    "dev-master": "1.3.x-dev"
                }
            },
            "autoload": {
                "psr-4": {
                    "mindplay\\annotations\\": "src\\annotations"
                }
            },
            "notification-url": "https://packagist.org/downloads/",
            "license": [
                "LGPL-3.0+"
            ],
            "authors": [
                {
                    "name": "Rasmus Schultz",
                    "email": "rasmus@mindplay.dk"
                }
            ],
            "description": "Industrial-strength annotations for PHP",
            "homepage": "http://blog.mindplay.dk/",
            "keywords": [
                "annotations",
                "framework"
            ],
            "support": {
                "issues": "https://github.com/php-annotations/php-annotations/issues",
                "source": "https://github.com/php-annotations/php-annotations/tree/1.3.2"
            },
            "time": "2021-01-21T11:42:37+00:00"
        },
        {
            "name": "phpmv/ubiquity",
            "version": "dev-master",
            "source": {
                "type": "git",
                "url": "https://github.com/phpMv/ubiquity.git",
                "reference": "9f47686151a9e2aa0824c7452ce1ef8d963ffbe7"
            },
            "dist": {
                "type": "zip",
                "url": "https://api.github.com/repos/phpMv/ubiquity/zipball/9f47686151a9e2aa0824c7452ce1ef8d963ffbe7",
                "reference": "9f47686151a9e2aa0824c7452ce1ef8d963ffbe7",
                "shasum": ""
            },
            "require": {
                "php": ">=7.4"
            },
            "require-dev": {
                "phpmv/php-mv-ui": "^2.2",
                "phpmv/ubiquity-codeception": "dev-master",
                "phpmv/ubiquity-dev": "^0.1",
                "phpmv/ubiquity-devtools": "dev-master"
            },
            "default-branch": true,
            "type": "framework",
            "extra": {
                "branch-alias": {
                    "dev-master": "2.4.x-dev"
                }
            },
            "autoload": {
                "psr-4": {
                    "Ubiquity\\": "src/Ubiquity/"
                }
            },
            "notification-url": "https://packagist.org/downloads/",
            "license": [
                "Apache-2.0"
            ],
            "authors": [
                {
                    "name": "Jean-Christophe HERON",
                    "email": "myaddressmail@gmail.com",
                    "role": "Lead developer"
                }
            ],
            "description": "Ubiquity-framework",
            "keywords": [
                "framework",
                "mvc",
                "orm",
                "php"
            ],
            "support": {
                "issues": "https://github.com/phpMv/ubiquity/issues",
                "source": "https://github.com/phpMv/ubiquity/tree/2.4.7"
            },
            "time": "2021-11-01T15:11:48+00:00"
        },
        {
            "name": "phpmv/ubiquity-acl",
            "version": "0.0.3",
            "source": {
                "type": "git",
                "url": "https://github.com/phpMv/ubiquity-acl.git",
                "reference": "0ede483e22999d11e533cf664c31a171a5529ed1"
            },
            "dist": {
                "type": "zip",
                "url": "https://api.github.com/repos/phpMv/ubiquity-acl/zipball/0ede483e22999d11e533cf664c31a171a5529ed1",
                "reference": "0ede483e22999d11e533cf664c31a171a5529ed1",
                "shasum": ""
            },
            "require": {
                "php": ">=7.4"
            },
            "require-dev": {
                "codeception/codeception": "^4.1",
                "codeception/module-asserts": "^1.0.0",
                "phpmv/ubiquity-dev": "^0.1"
            },
            "type": "extension",
            "extra": {
                "branch-alias": {
                    "dev-master": "1.0.x-dev"
                }
            },
            "autoload": {
                "psr-4": {
                    "Ubiquity\\": "src/Ubiquity/"
                }
            },
            "notification-url": "https://packagist.org/downloads/",
            "license": [
                "Apache-2.0"
            ],
            "authors": [
                {
                    "name": "Jean-Christophe HERON",
                    "email": "myaddressmail@gmail.com",
                    "role": "Lead developer"
                }
            ],
            "description": "Access Control Lists for Ubiquity framework",
            "keywords": [
                "Devtools",
                "acl",
                "framework",
                "mvc",
                "php",
                "php-framework",
                "security",
                "tools"
            ],
            "support": {
                "issues": "https://github.com/phpMv/ubiquity-acl/issues",
                "source": "https://github.com/phpMv/ubiquity-acl/tree/0.0.3"
            },
            "time": "2020-12-31T01:28:53+00:00"
        },
        {
            "name": "phpmv/ubiquity-annotations",
            "version": "0.0.1",
            "source": {
                "type": "git",
                "url": "https://github.com/phpMv/ubiquity-annotations.git",
                "reference": "fe2405a248317b6e7c1d51c45c3b5f6743a01582"
            },
            "dist": {
                "type": "zip",
                "url": "https://api.github.com/repos/phpMv/ubiquity-annotations/zipball/fe2405a248317b6e7c1d51c45c3b5f6743a01582",
                "reference": "fe2405a248317b6e7c1d51c45c3b5f6743a01582",
                "shasum": ""
            },
            "require": {
                "mindplay/annotations": "^1.3.1",
                "php": ">=7.4"
            },
            "type": "extension",
            "extra": {
                "branch-alias": {
                    "dev-master": "1.0.x-dev"
                }
            },
            "autoload": {
                "psr-4": {
                    "Ubiquity\\": "src/Ubiquity/"
                }
            },
            "notification-url": "https://packagist.org/downloads/",
            "license": [
                "Apache-2.0"
            ],
            "authors": [
                {
                    "name": "Jean-Christophe HERON",
                    "email": "myaddressmail@gmail.com",
                    "role": "Lead developer"
                }
            ],
            "description": "php annotations for Ubiquity framework with mindplay/php-annotations",
            "keywords": [
                "annotations",
                "framework",
                "mvc",
                "php",
                "php-framework"
            ],
            "support": {
                "issues": "https://github.com/phpMv/ubiquity-annotations/issues",
                "source": "https://github.com/phpMv/ubiquity-annotations/tree/0.0.1"
            },
            "time": "2021-01-01T16:57:09+00:00"
        },
        {
            "name": "phpmv/ubiquity-attributes",
            "version": "0.0.3",
            "source": {
                "type": "git",
                "url": "https://github.com/phpMv/ubiquity-attributes.git",
                "reference": "8195c6e43c784c39e629544dfbe491dcc576691c"
            },
            "dist": {
                "type": "zip",
                "url": "https://api.github.com/repos/phpMv/ubiquity-attributes/zipball/8195c6e43c784c39e629544dfbe491dcc576691c",
                "reference": "8195c6e43c784c39e629544dfbe491dcc576691c",
                "shasum": ""
            },
            "require": {
                "php": ">=8.0",
                "phpmv/ubiquity": "^2.4"
            },
            "type": "extension",
            "extra": {
                "branch-alias": {
                    "dev-master": "1.0.x-dev"
                }
            },
            "autoload": {
                "psr-4": {
                    "Ubiquity\\": "src/Ubiquity/"
                }
            },
            "notification-url": "https://packagist.org/downloads/",
            "license": [
                "Apache-2.0"
            ],
            "authors": [
                {
                    "name": "Jean-Christophe HERON",
                    "email": "myaddressmail@gmail.com",
                    "role": "Lead developer"
                }
            ],
            "description": "php 8 attributes for Ubiquity framework",
            "keywords": [
                "annotations",
                "attributes",
                "framework",
                "mvc",
                "php",
                "php-framework"
            ],
            "support": {
                "issues": "https://github.com/phpMv/ubiquity-attributes/issues",
                "source": "https://github.com/phpMv/ubiquity-attributes/tree/0.0.3"
            },
            "time": "2020-12-31T15:47:20+00:00"
        },
        {
            "name": "phpmv/ubiquity-commands",
            "version": "dev-master",
            "source": {
                "type": "git",
                "url": "https://github.com/phpMv/ubiquity-commands.git",
                "reference": "e00043da434f75fb8ffd037109b5431f6cadd3a3"
            },
            "dist": {
                "type": "zip",
                "url": "https://api.github.com/repos/phpMv/ubiquity-commands/zipball/e00043da434f75fb8ffd037109b5431f6cadd3a3",
                "reference": "e00043da434f75fb8ffd037109b5431f6cadd3a3",
                "shasum": ""
            },
            "require": {
                "php": ">=7.4"
            },
            "default-branch": true,
            "type": "extension",
            "extra": {
                "branch-alias": {
                    "dev-master": "1.0.x-dev"
                }
            },
            "autoload": {
                "psr-4": {
                    "Ubiquity\\": "src/Ubiquity/"
                }
            },
            "notification-url": "https://packagist.org/downloads/",
            "license": [
                "Apache-2.0"
            ],
            "authors": [
                {
                    "name": "Jean-Christophe HERON",
                    "email": "myaddressmail@gmail.com",
                    "role": "Lead developer"
                }
            ],
            "description": "Ubiquity commands helper",
            "keywords": [
                "Devtools",
                "cmd",
                "framework",
                "mvc",
                "php",
                "php-framework",
                "tools"
            ],
            "support": {
                "issues": "https://github.com/phpMv/ubiquity-commands/issues",
                "source": "https://github.com/phpMv/ubiquity-commands/tree/0.0.25"
            },
            "time": "2021-11-01T15:05:29+00:00"
        },
        {
            "name": "phpmv/ubiquity-debug",
            "version": "0.0.1",
            "source": {
                "type": "git",
                "url": "https://github.com/phpMv/ubiquity-debug.git",
                "reference": "5ea5d12c8927740fbe9848ef27ee58de78845079"
            },
            "dist": {
                "type": "zip",
                "url": "https://api.github.com/repos/phpMv/ubiquity-debug/zipball/5ea5d12c8927740fbe9848ef27ee58de78845079",
                "reference": "5ea5d12c8927740fbe9848ef27ee58de78845079",
                "shasum": ""
            },
            "require": {
                "php": ">=8.0",
                "prismjs/prism": "^1.23"
            },
            "type": "extension",
            "extra": {
                "branch-alias": {
                    "dev-master": "1.0.x-dev"
                }
            },
            "autoload": {
                "psr-4": {
                    "Ubiquity\\": "src/Ubiquity/"
                }
            },
            "notification-url": "https://packagist.org/downloads/",
            "license": [
                "Apache-2.0"
            ],
            "authors": [
                {
                    "name": "Jean-Christophe HERON",
                    "email": "myaddressmail@gmail.com",
                    "role": "Lead developer"
                }
            ],
            "description": "Debugger for Ubiquity framework",
            "keywords": [
                "debug",
                "framework",
                "mvc",
                "php",
                "php-framework",
                "tools"
            ],
            "support": {
                "issues": "https://github.com/phpMv/ubiquity-debug/issues",
                "source": "https://github.com/phpMv/ubiquity-debug/tree/0.0.1"
            },
            "time": "2021-04-24T00:20:11+00:00"
        },
        {
            "name": "phpmv/ubiquity-dev",
            "version": "0.1.24",
            "source": {
                "type": "git",
                "url": "https://github.com/phpMv/ubiquity-dev.git",
                "reference": "2b2874f45eed05568126d12a1dc702e66b370f21"
            },
            "dist": {
                "type": "zip",
                "url": "https://api.github.com/repos/phpMv/ubiquity-dev/zipball/2b2874f45eed05568126d12a1dc702e66b370f21",
                "reference": "2b2874f45eed05568126d12a1dc702e66b370f21",
                "shasum": ""
            },
            "require": {
                "php": ">=7.4"
            },
            "type": "extension",
            "extra": {
                "branch-alias": {
                    "dev-master": "1.0.x-dev"
                }
            },
            "autoload": {
                "psr-4": {
                    "Ubiquity\\": "src/Ubiquity/"
                }
            },
            "notification-url": "https://packagist.org/downloads/",
            "license": [
                "Apache-2.0"
            ],
            "authors": [
                {
                    "name": "Jean-Christophe HERON",
                    "email": "myaddressmail@gmail.com",
                    "role": "Lead developer"
                }
            ],
            "description": "dev classes for Ubiquity framework",
            "keywords": [
                "framework",
                "mailer",
                "mvc",
                "php",
                "php-framework",
                "tools"
            ],
            "support": {
                "issues": "https://github.com/phpMv/ubiquity-dev/issues",
                "source": "https://github.com/phpMv/ubiquity-dev/tree/0.1.24"
            },
            "time": "2021-10-31T01:11:35+00:00"
        },
        {
            "name": "phpmv/ubiquity-security",
            "version": "0.0.1",
            "source": {
                "type": "git",
                "url": "https://github.com/phpMv/ubiquity-security.git",
                "reference": "06513464710368d2f0eabff3fe53817734626e03"
            },
            "dist": {
                "type": "zip",
                "url": "https://api.github.com/repos/phpMv/ubiquity-security/zipball/06513464710368d2f0eabff3fe53817734626e03",
                "reference": "06513464710368d2f0eabff3fe53817734626e03",
                "shasum": ""
            },
            "require": {
                "php": ">=7.4"
            },
            "type": "extension",
            "extra": {
                "branch-alias": {
                    "dev-master": "1.0.x-dev"
                }
            },
            "autoload": {
                "psr-4": {
                    "Ubiquity\\": "src/Ubiquity/"
                }
            },
            "notification-url": "https://packagist.org/downloads/",
            "license": [
                "Apache-2.0"
            ],
            "authors": [
                {
                    "name": "Jean-Christophe HERON",
                    "email": "myaddressmail@gmail.com",
                    "role": "Lead developer"
                }
            ],
            "description": "Security module for Ubiquity framework",
            "keywords": [
                "framework",
                "mvc",
                "php",
                "php-framework",
                "security",
                "tools"
            ],
            "support": {
                "issues": "https://github.com/phpMv/ubiquity-security/issues",
                "source": "https://github.com/phpMv/ubiquity-security/tree/0.0.1"
            },
            "time": "2020-12-10T11:52:08+00:00"
        },
        {
            "name": "prismjs/prism",
            "version": "v1.25.0",
            "source": {
                "type": "git",
                "url": "https://github.com/PrismJS/prism.git",
                "reference": "99d94fa7c39d5aabee38ae0e729c330146820b4d"
            },
            "dist": {
                "type": "zip",
                "url": "https://api.github.com/repos/PrismJS/prism/zipball/99d94fa7c39d5aabee38ae0e729c330146820b4d",
                "reference": "99d94fa7c39d5aabee38ae0e729c330146820b4d",
                "shasum": ""
            },
            "type": "component",
            "extra": {
                "component": {
                    "scripts": [
                        "prism.js"
                    ],
                    "styles": [
                        "themes/prism.css"
                    ],
                    "files": [
                        "themes/*",
                        "components/*"
                    ]
                }
            },
            "notification-url": "https://packagist.org/downloads/",
            "license": [
                "MIT"
            ],
            "description": "Lightweight, robust, elegant syntax highlighting. A spin-off project from Dabblet.",
            "support": {
                "issues": "https://github.com/PrismJS/prism/issues",
                "source": "https://github.com/PrismJS/prism/tree/v1.25.0"
            },
            "time": "2021-09-16T16:17:23+00:00"
        }
    ],
    "packages-dev": [],
    "aliases": [],
    "minimum-stability": "dev",
    "stability-flags": {
        "phpmv/ubiquity": 20,
        "phpmv/ubiquity-commands": 20
    },
    "prefer-stable": true,
    "prefer-lowest": false,
    "platform": [],
    "platform-dev": [],
    "plugin-api-version": "2.1.0"
}
