{
    "_readme": [
        "This file locks the dependencies of your project to a known state",
        "Read more about it at https://getcomposer.org/doc/01-basic-usage.md#composer-lock-the-lock-file",
        "This file is @generated automatically"
    ],
    "content-hash": "5f84552b8ad57645ba4d5506d122414e",
    "packages": [
        {
            "name": "frameworks/jquery",
            "version": "2.1.4",
            "source": {
                "type": "git",
                "url": "https://github.com/frameworks/jquery.git",
                "reference": "ef9c4fe9fcb23914bba6ec6d32c556e4a38a0fd9"
            },
            "dist": {
                "type": "zip",
                "url": "https://api.github.com/repos/frameworks/jquery/zipball/ef9c4fe9fcb23914bba6ec6d32c556e4a38a0fd9",
                "reference": "ef9c4fe9fcb23914bba6ec6d32c556e4a38a0fd9",
                "shasum": ""
            },
            "type": "library",
            "notification-url": "https://packagist.org/downloads/",
            "license": [
                "MIT"
            ],
            "description": "jQuery JavaScript Library",
            "homepage": "http://jquery.com",
            "time": "2015-10-09T00:55:51+00:00"
        },
        {
            "name": "phpmv/php-mv-ui",
            "version": "2.3.1",
            "source": {
                "type": "git",
                "url": "https://github.com/phpMv/phpMv-UI.git",
                "reference": "2672cd2b21829009b7f0b41073050c28ae9bc405"
            },
            "dist": {
                "type": "zip",
                "url": "https://api.github.com/repos/phpMv/phpMv-UI/zipball/2672cd2b21829009b7f0b41073050c28ae9bc405",
                "reference": "2672cd2b21829009b7f0b41073050c28ae9bc405",
                "shasum": ""
            },
            "require": {
                "frameworks/jquery": "~2.1",
                "php": ">7.0"
            },
            "suggest": {
                "components/jqueryui": "~1.11",
                "fomantic/ui": "~2.7.8",
                "twitter/bootstrap": "~3.3"
            },
            "type": "library",
            "extra": {
                "branch-alias": {
                    "dev-master": "2.4.x-dev"
                }
            },
            "autoload": {
                "psr-4": {
                    "Ajax\\": "Ajax/"
                }
            },
            "notification-url": "https://packagist.org/downloads/",
            "license": [
                "Apache-2.0"
            ],
            "authors": [
                {
                    "name": "Jean-Christophe HERON",
                    "email": "myaddressmail@gmail.com",
                    "role": "Lead developer"
                }
            ],
            "description": "A JQuery and UI library for php and php MVC frameworks",
            "keywords": [
                "codeigniter",
                "framework",
                "jQuery UI",
                "jquery",
                "laravel",
                "phalcon",
                "php",
                "semantic ui",
                "symfony",
                "twitter bootstrap",
                "ubiquity",
                "yii"
            ],
            "time": "2020-01-02T22:36:10+00:00"
        },
        {
            "name": "phpmv/ubiquity",
            "version": "dev-master",
            "source": {
                "type": "git",
                "url": "https://github.com/phpMv/ubiquity.git",
                "reference": "cd317cf7ff5afb755c15d5c642f765f478c0f1dd"
            },
            "dist": {
                "type": "zip",
                "url": "https://api.github.com/repos/phpMv/ubiquity/zipball/cd317cf7ff5afb755c15d5c642f765f478c0f1dd",
                "reference": "cd317cf7ff5afb755c15d5c642f765f478c0f1dd",
                "shasum": ""
            },
            "require": {
                "php": ">7.0"
            },
            "require-dev": {
                "phpmv/php-mv-ui": "^2.2",
                "phpmv/ubiquity-codeception": "dev-master",
                "phpmv/ubiquity-dev": "^0.0",
                "phpmv/ubiquity-devtools": "^1.2"
            },
            "type": "framework",
            "extra": {
                "branch-alias": {
                    "dev-master": "2.4.x-dev"
                }
            },
            "autoload": {
                "psr-4": {
                    "Ubiquity\\": "src/Ubiquity/"
                }
            },
            "notification-url": "https://packagist.org/downloads/",
            "license": [
                "Apache-2.0"
            ],
            "authors": [
                {
                    "name": "Jean-Christophe HERON",
                    "email": "myaddressmail@gmail.com",
                    "role": "Lead developer"
                }
            ],
            "description": "Ubiquity-framework",
            "keywords": [
                "framework",
                "mvc",
                "orm",
                "php"
            ],
            "time": "2020-01-25T00:43:41+00:00"
        },
        {
            "name": "phpmv/ubiquity-dev",
            "version": "dev-master",
            "source": {
                "type": "git",
                "url": "https://github.com/phpMv/ubiquity-dev.git",
                "reference": "ea2d91ed9e21295f3408decd9c9a0abf5d137d25"
            },
            "dist": {
                "type": "zip",
                "url": "https://api.github.com/repos/phpMv/ubiquity-dev/zipball/ea2d91ed9e21295f3408decd9c9a0abf5d137d25",
                "reference": "ea2d91ed9e21295f3408decd9c9a0abf5d137d25",
                "shasum": ""
            },
            "require": {
                "php": ">7.0"
            },
            "type": "extension",
            "extra": {
                "branch-alias": {
                    "dev-master": "1.0.x-dev"
                }
            },
            "autoload": {
                "psr-4": {
                    "Ubiquity\\": "src/Ubiquity/"
                }
            },
            "notification-url": "https://packagist.org/downloads/",
            "license": [
                "Apache-2.0"
            ],
            "authors": [
                {
                    "name": "Jean-Christophe HERON",
                    "email": "myaddressmail@gmail.com",
                    "role": "Lead developer"
                }
            ],
            "description": "dev classes for Ubiquity framework",
            "keywords": [
                "framework",
                "mailer",
                "mvc",
                "php",
                "php-framework",
                "tools"
            ],
            "time": "2019-12-04T02:27:58+00:00"
        },
        {
            "name": "phpmv/ubiquity-webtools",
            "version": "dev-master",
            "source": {
                "type": "git",
                "url": "https://github.com/phpMv/ubiquity-webtools.git",
                "reference": "2782865c8e73813f7fc55bb74585da937a238758"
            },
            "dist": {
                "type": "zip",
                "url": "https://api.github.com/repos/phpMv/ubiquity-webtools/zipball/2782865c8e73813f7fc55bb74585da937a238758",
                "reference": "2782865c8e73813f7fc55bb74585da937a238758",
                "shasum": ""
            },
            "require": {
                "php": ">7.0",
                "phpmv/php-mv-ui": "^2.2.19",
                "phpmv/ubiquity-dev": "dev-master"
            },
            "type": "extension",
            "extra": {
                "branch-alias": {
                    "dev-master": "2.4.x-dev"
                }
            },
            "autoload": {
                "psr-4": {
                    "Ubiquity\\": "src/Ubiquity/"
                }
            },
            "notification-url": "https://packagist.org/downloads/",
            "license": [
                "Apache-2.0"
            ],
            "authors": [
                {
                    "name": "Jean-Christophe HERON",
                    "email": "myaddressmail@gmail.com",
                    "role": "Lead developer"
                }
            ],
            "description": "Webtools for Ubiquity framework",
            "keywords": [
                "framework",
                "mvc",
                "orm",
                "php",
                "php-framework",
                "tools"
            ],
            "time": "2020-01-24T23:50:42+00:00"
        }
    ],
    "packages-dev": [],
    "aliases": [],
    "minimum-stability": "dev",
    "stability-flags": {
        "phpmv/ubiquity": 20,
        "phpmv/ubiquity-webtools": 20
    },
    "prefer-stable": true,
    "prefer-lowest": false,
    "platform": [],
    "platform-dev": []
}
